lockfileVersion: '9.0'

settings:
  autoInstallPeers: true
  excludeLinksFromLockfile: false

importers:

  .:
    dependencies:
      '@supabase/supabase-js':
        specifier: ^2.45.0
        version: 2.115.0
      framer-motion:
        specifier: ^12.23.12
        version: 12.43.0(react-dom@19.2.4(react@19.2.4))(react@19.2.4)
      lucide-react:
        specifier: ^0.542.0
        version: 0.542.0(react@19.2.4)
      react:
        specifier: ^19.0.0
        version: 19.2.4
      react-dom:
        specifier: ^19.0.0
        version: 19.2.4(react@19.2.4)
    devDependencies:
      '@tailwindcss/vite':
        specifier: ^4.0.0
        version: 4.2.2(vite@8.0.3(@types/node@22.19.17)(jiti@2.6.1))
      '@types/node':
        specifier: ^22.0.0
        version: 22.19.17
      '@types/react':
        specifier: ^19.0.0
        version: 19.2.14
      '@types/react-dom':
        specifier: ^19.0.0
        version: 19.2.3(@types/react@19.2.14)
      '@vitejs/plugin-react':
        specifier: ^6.0.0
        version: 6.0.1(vite@8.0.3(@types/node@22.19.17)(jiti@2.6.1))
      oxfmt:
        specifier: ^0.2.0
        version: 0.2.0
      tailwindcss:
        specifier: ^4.0.0
        version: 4.2.2
      typescript:
        specifier: ^5.7.0
        version: 5.9.3
      vite:
        specifier: ^8.0.0
        version: 8.0.3(@types/node@22.19.17)(jiti@2.6.1)
